<?xml version="1.0" encoding="utf-8"?>
<Project ToolsVersion="4.0" xmlns="http://schemas.microsoft.com/developer/msbuild/2003">
  <ItemGroup>
    <ClCompile Include="main.cpp" />
    <ClCompile Include="QueueTest.cpp">
      <Filter>LinkedListTest</Filter>
    </ClCompile>
    <ClCompile Include="StackTest.cpp">
      <Filter>LinkedListTest</Filter>
    </ClCompile>
    <ClCompile Include="ListTest.cpp">
      <Filter>LinkedListTest</Filter>
    </ClCompile>
  </ItemGroup>
  <ItemGroup>
    <Filter Include="LinkedList">
      <UniqueIdentifier>{bf18e7d8-e8b7-41d6-b982-0580121ba42f}</UniqueIdentifier>
    </Filter>
    <Filter Include="LinkedListTest">
      <UniqueIdentifier>{693de849-9a02-4b2f-a248-f04e16fe723e}</UniqueIdentifier>
    </Filter>
  </ItemGroup>
  <ItemGroup>
    <ClInclude Include="Queue.h">
      <Filter>LinkedList</Filter>
    </ClInclude>
    <ClInclude Include="QueueTest.h">
      <Filter>LinkedListTest</Filter>
    </ClInclude>
    <ClInclude Include="Stack.h">
      <Filter>LinkedList</Filter>
    </ClInclude>
    <ClInclude Include="StackTest.h">
      <Filter>LinkedListTest</Filter>
    </ClInclude>
    <ClInclude Include="List.h">
      <Filter>LinkedList</Filter>
    </ClInclude>
    <ClInclude Include="ListTest.h">
      <Filter>LinkedListTest</Filter>
    </ClInclude>
  </ItemGroup>
</Project>